# This file is automatically @generated by Cargo.
# It is not intended for manual editing.
version = 4

[[package]]
name = "xtask"
version = "0.0.0"

[[package]]
name = "yoshi-app"
version = "0.0.0"

[[package]]
name = "yoshi-cli"
version = "0.0.0"

[[package]]
name = "yoshi-editor"
version = "0.0.0"

[[package]]
name = "yoshi-kernels"
version = "0.0.0"

[[package]]
name = "yoshi-notebook"
version = "0.0.0"

[[package]]
name = "yoshi-outputs"
version = "0.0.0"

[[package]]
name = "yoshi-ui-kit"
version = "0.0.0"
